
Microsoft Visual Studio Solution File, Format Version 12.00
# Visual Studio Version 16
VisualStudioVersion = 16.0.31205.134
MinimumVisualStudioVersion = 10.0.40219.1
Project("{2150E333-8FDC-42A3-9474-1A3956D46DE8}") = "Services", "Services", "{C871E44B-D0C0-4C2E-AD72-DE65144B965F}"
EndProject
Project("{2150E333-8FDC-42A3-9474-1A3956D46DE8}") = "Catalog", "Catalog", "{C3B7283C-9992-4146-A4B4-888953C739C9}"
EndProject
Project("{9A19103F-16F7-4668-BE54-9A1E7A4F7556}") = "Catalog.API", "Catalog\Catalog.API\Catalog.API.csproj", "{1F159388-D9FE-4C6A-A79E-3D5EA032FB26}"
EndProject
Project("{E53339B2-1760-4266-BCC7-CA923CBCF16C}") = "docker-compose", "docker-compose.dcproj", "{7855F49D-08DC-4262-AF05-90B079319031}"
EndProject
Project("{2150E333-8FDC-42A3-9474-1A3956D46DE8}") = "Basket", "Basket", "{D1267E51-4B79-4BE3-9B80-8C20BE824E6C}"
EndProject
Project("{9A19103F-16F7-4668-BE54-9A1E7A4F7556}") = "Basket.API", "Basket\Basket.API\Basket.API.csproj", "{646D1C2D-E788-4BFB-8CAA-A52B87EF3FB7}"
EndProject
Project("{2150E333-8FDC-42A3-9474-1A3956D46DE8}") = "Discount", "Discount", "{7BE21B1D-7688-4A16-9C48-93B5A09C09BF}"
EndProject
Project("{9A19103F-16F7-4668-BE54-9A1E7A4F7556}") = "Discount.API", "Discount\Discount.API\Discount.API.csproj", "{35B0DE48-6C7A-41CA-A497-45991B9F8DF2}"
EndProject
Project("{9A19103F-16F7-4668-BE54-9A1E7A4F7556}") = "Discount.gRPC", "Discount\Discount.gRPC\Discount.gRPC.csproj", "{5AEB0DE4-A168-4633-A8DE-8861EF6DFE22}"
EndProject
Project("{2150E333-8FDC-42A3-9474-1A3956D46DE8}") = "Ordering", "Ordering", "{0701B1AB-CD68-4329-BE93-F76287B460C4}"
EndProject
Project("{FAE04EC0-301F-11D3-BF4B-00C04F79EFBC}") = "Ordering.API", "Ordering\Ordering.API\Ordering.API.csproj", "{CBC6972E-3E6E-4D23-B851-A976FFC1AB4C}"
EndProject
Project("{FAE04EC0-301F-11D3-BF4B-00C04F79EFBC}") = "Ordering.Domain", "Ordering\Ordering.Domain\Ordering.Domain.csproj", "{550DD4B3-8233-48AD-A6B3-B830DC244CD7}"
EndProject
Project("{FAE04EC0-301F-11D3-BF4B-00C04F79EFBC}") = "Ordering.Application", "Ordering\Ordering.Application\Ordering.Application.csproj", "{6B243AA2-4319-402B-93B9-C34F17934793}"
EndProject
Project("{FAE04EC0-301F-11D3-BF4B-00C04F79EFBC}") = "Ordering.Infrastructure", "Ordering\Ordering.Infrastructure\Ordering.Infrastructure.csproj", "{4195BE5F-F2D9-4003-8AF2-105219978EF8}"
EndProject
Global
	GlobalSection(SolutionConfigurationPlatforms) = preSolution
		Debug|Any CPU = Debug|Any CPU
		Release|Any CPU = Release|Any CPU
	EndGlobalSection
	GlobalSection(ProjectConfigurationPlatforms) = postSolution
		{1F159388-D9FE-4C6A-A79E-3D5EA032FB26}.Debug|Any CPU.ActiveCfg = Debug|Any CPU
		{1F159388-D9FE-4C6A-A79E-3D5EA032FB26}.Debug|Any CPU.Build.0 = Debug|Any CPU
		{1F159388-D9FE-4C6A-A79E-3D5EA032FB26}.Release|Any CPU.ActiveCfg = Release|Any CPU
		{1F159388-D9FE-4C6A-A79E-3D5EA032FB26}.Release|Any CPU.Build.0 = Release|Any CPU
		{7855F49D-08DC-4262-AF05-90B079319031}.Debug|Any CPU.ActiveCfg = Debug|Any CPU
		{7855F49D-08DC-4262-AF05-90B079319031}.Debug|Any CPU.Build.0 = Debug|Any CPU
		{7855F49D-08DC-4262-AF05-90B079319031}.Release|Any CPU.ActiveCfg = Release|Any CPU
		{7855F49D-08DC-4262-AF05-90B079319031}.Release|Any CPU.Build.0 = Release|Any CPU
		{646D1C2D-E788-4BFB-8CAA-A52B87EF3FB7}.Debug|Any CPU.ActiveCfg = Debug|Any CPU
		{646D1C2D-E788-4BFB-8CAA-A52B87EF3FB7}.Debug|Any CPU.Build.0 = Debug|Any CPU
		{646D1C2D-E788-4BFB-8CAA-A52B87EF3FB7}.Release|Any CPU.ActiveCfg = Release|Any CPU
		{646D1C2D-E788-4BFB-8CAA-A52B87EF3FB7}.Release|Any CPU.Build.0 = Release|Any CPU
		{35B0DE48-6C7A-41CA-A497-45991B9F8DF2}.Debug|Any CPU.ActiveCfg = Debug|Any CPU
		{35B0DE48-6C7A-41CA-A497-45991B9F8DF2}.Debug|Any CPU.Build.0 = Debug|Any CPU
		{35B0DE48-6C7A-41CA-A497-45991B9F8DF2}.Release|Any CPU.ActiveCfg = Release|Any CPU
		{35B0DE48-6C7A-41CA-A497-45991B9F8DF2}.Release|Any CPU.Build.0 = Release|Any CPU
		{5AEB0DE4-A168-4633-A8DE-8861EF6DFE22}.Debug|Any CPU.ActiveCfg = Debug|Any CPU
		{5AEB0DE4-A168-4633-A8DE-8861EF6DFE22}.Debug|Any CPU.Build.0 = Debug|Any CPU
		{5AEB0DE4-A168-4633-A8DE-8861EF6DFE22}.Release|Any CPU.ActiveCfg = Release|Any CPU
		{5AEB0DE4-A168-4633-A8DE-8861EF6DFE22}.Release|Any CPU.Build.0 = Release|Any CPU
		{CBC6972E-3E6E-4D23-B851-A976FFC1AB4C}.Debug|Any CPU.ActiveCfg = Debug|Any CPU
		{CBC6972E-3E6E-4D23-B851-A976FFC1AB4C}.Debug|Any CPU.Build.0 = Debug|Any CPU
		{CBC6972E-3E6E-4D23-B851-A976FFC1AB4C}.Release|Any CPU.ActiveCfg = Release|Any CPU
		{CBC6972E-3E6E-4D23-B851-A976FFC1AB4C}.Release|Any CPU.Build.0 = Release|Any CPU
		{550DD4B3-8233-48AD-A6B3-B830DC244CD7}.Debug|Any CPU.ActiveCfg = Debug|Any CPU
		{550DD4B3-8233-48AD-A6B3-B830DC244CD7}.Debug|Any CPU.Build.0 = Debug|Any CPU
		{550DD4B3-8233-48AD-A6B3-B830DC244CD7}.Release|Any CPU.ActiveCfg = Release|Any CPU
		{550DD4B3-8233-48AD-A6B3-B830DC244CD7}.Release|Any CPU.Build.0 = Release|Any CPU
		{6B243AA2-4319-402B-93B9-C34F17934793}.Debug|Any CPU.ActiveCfg = Debug|Any CPU
		{6B243AA2-4319-402B-93B9-C34F17934793}.Debug|Any CPU.Build.0 = Debug|Any CPU
		{6B243AA2-4319-402B-93B9-C34F17934793}.Release|Any CPU.ActiveCfg = Release|Any CPU
		{6B243AA2-4319-402B-93B9-C34F17934793}.Release|Any CPU.Build.0 = Release|Any CPU
		{4195BE5F-F2D9-4003-8AF2-105219978EF8}.Debug|Any CPU.ActiveCfg = Debug|Any CPU
		{4195BE5F-F2D9-4003-8AF2-105219978EF8}.Debug|Any CPU.Build.0 = Debug|Any CPU
		{4195BE5F-F2D9-4003-8AF2-105219978EF8}.Release|Any CPU.ActiveCfg = Release|Any CPU
		{4195BE5F-F2D9-4003-8AF2-105219978EF8}.Release|Any CPU.Build.0 = Release|Any CPU
	EndGlobalSection
	GlobalSection(SolutionProperties) = preSolution
		HideSolutionNode = FALSE
	EndGlobalSection
	GlobalSection(NestedProjects) = preSolution
		{C3B7283C-9992-4146-A4B4-888953C739C9} = {C871E44B-D0C0-4C2E-AD72-DE65144B965F}
		{1F159388-D9FE-4C6A-A79E-3D5EA032FB26} = {C3B7283C-9992-4146-A4B4-888953C739C9}
		{D1267E51-4B79-4BE3-9B80-8C20BE824E6C} = {C871E44B-D0C0-4C2E-AD72-DE65144B965F}
		{646D1C2D-E788-4BFB-8CAA-A52B87EF3FB7} = {D1267E51-4B79-4BE3-9B80-8C20BE824E6C}
		{7BE21B1D-7688-4A16-9C48-93B5A09C09BF} = {C871E44B-D0C0-4C2E-AD72-DE65144B965F}
		{35B0DE48-6C7A-41CA-A497-45991B9F8DF2} = {7BE21B1D-7688-4A16-9C48-93B5A09C09BF}
		{5AEB0DE4-A168-4633-A8DE-8861EF6DFE22} = {7BE21B1D-7688-4A16-9C48-93B5A09C09BF}
		{0701B1AB-CD68-4329-BE93-F76287B460C4} = {C871E44B-D0C0-4C2E-AD72-DE65144B965F}
		{CBC6972E-3E6E-4D23-B851-A976FFC1AB4C} = {0701B1AB-CD68-4329-BE93-F76287B460C4}
		{550DD4B3-8233-48AD-A6B3-B830DC244CD7} = {0701B1AB-CD68-4329-BE93-F76287B460C4}
		{6B243AA2-4319-402B-93B9-C34F17934793} = {0701B1AB-CD68-4329-BE93-F76287B460C4}
		{4195BE5F-F2D9-4003-8AF2-105219978EF8} = {0701B1AB-CD68-4329-BE93-F76287B460C4}
	EndGlobalSection
	GlobalSection(ExtensibilityGlobals) = postSolution
		SolutionGuid = {248AE967-F938-407D-BD7A-3206E56AE307}
	EndGlobalSection
EndGlobal
